
Microsoft Visual Studio Solution File, Format Version 12.00
# Visual Studio Version 17
VisualStudioVersion = 17.0.31903.59
MinimumVisualStudioVersion = 10.0.40219.1
Project("{2150E333-8FDC-42A3-9474-1A3956D46DE8}") = "src", "src", "{827E0CD3-B72D-47B6-A68D-7590B98EB39B}"
EndProject
Project("{2150E333-8FDC-42A3-9474-1A3956D46DE8}") = "Core", "Core", "{8D626EA8-CB54-BC41-363A-217881BEBA6E}"
EndProject
Project("{FAE04EC0-301F-11D3-BF4B-00C04F79EFBC}") = "Core.Domain", "src\Core\Core.Domain\Core.Domain.csproj", "{B2BEA753-1551-4275-8FEB-FE1307763FE6}"
EndProject
Project("{FAE04EC0-301F-11D3-BF4B-00C04F79EFBC}") = "Core.Application", "src\Core\Core.Application\Core.Application.csproj", "{DDF36A7A-6DD2-4A44-95D1-CB31AE87D608}"
EndProject
Project("{2150E333-8FDC-42A3-9474-1A3956D46DE8}") = "Infrastructure", "Infrastructure", "{9048EB7F-3875-A59E-E36B-5BD4C6F2A282}"
EndProject
Project("{FAE04EC0-301F-11D3-BF4B-00C04F79EFBC}") = "Infrastructure.Persistence", "src\Infrastructure\Infrastructure.Persistence\Infrastructure.Persistence.csproj", "{6181E0BF-0BBE-432B-BF00-9FC1962603CB}"
EndProject
Project("{FAE04EC0-301F-11D3-BF4B-00C04F79EFBC}") = "Infrastructure.Services", "src\Infrastructure\Infrastructure.Services\Infrastructure.Services.csproj", "{6474F087-971F-46F4-BD6B-AA0F9628F376}"
EndProject
Project("{2150E333-8FDC-42A3-9474-1A3956D46DE8}") = "Presentation", "Presentation", "{6996BBF7-DB31-59BC-C7DD-9A7CCC6138C4}"
EndProject
Project("{FAE04EC0-301F-11D3-BF4B-00C04F79EFBC}") = "API", "src\Presentation\API\API.csproj", "{D6B217A0-A51A-4CF8-9AB9-D1FC6EABE891}"
EndProject
Project("{2150E333-8FDC-42A3-9474-1A3956D46DE8}") = "tests", "tests", "{0AB3BF05-4346-4AA6-1389-037BE0695223}"
EndProject
Project("{FAE04EC0-301F-11D3-BF4B-00C04F79EFBC}") = "Core.Application.Tests", "tests\Core.Application.Tests\Core.Application.Tests.csproj", "{CA163138-5FD2-40B0-85E1-FA48BD36727A}"
EndProject
Project("{FAE04EC0-301F-11D3-BF4B-00C04F79EFBC}") = "Infrastructure.Persistence.Tests", "tests\Infrastructure.Persistence.Tests\Infrastructure.Persistence.Tests.csproj", "{B4F894AE-B00B-4BFA-B669-51D3803A8121}"
EndProject
Project("{FAE04EC0-301F-11D3-BF4B-00C04F79EFBC}") = "API.Tests", "tests\API.Tests\API.Tests.csproj", "{B05B8A55-61D1-4B44-84E8-5C6F22CA697A}"
EndProject
Global
	GlobalSection(SolutionConfigurationPlatforms) = preSolution
		Debug|Any CPU = Debug|Any CPU
		Debug|x64 = Debug|x64
		Debug|x86 = Debug|x86
		Release|Any CPU = Release|Any CPU
		Release|x64 = Release|x64
		Release|x86 = Release|x86
	EndGlobalSection
	GlobalSection(ProjectConfigurationPlatforms) = postSolution
		{B2BEA753-1551-4275-8FEB-FE1307763FE6}.Debug|Any CPU.ActiveCfg = Debug|Any CPU
		{B2BEA753-1551-4275-8FEB-FE1307763FE6}.Debug|Any CPU.Build.0 = Debug|Any CPU
		{B2BEA753-1551-4275-8FEB-FE1307763FE6}.Debug|x64.ActiveCfg = Debug|Any CPU
		{B2BEA753-1551-4275-8FEB-FE1307763FE6}.Debug|x64.Build.0 = Debug|Any CPU
		{B2BEA753-1551-4275-8FEB-FE1307763FE6}.Debug|x86.ActiveCfg = Debug|Any CPU
		{B2BEA753-1551-4275-8FEB-FE1307763FE6}.Debug|x86.Build.0 = Debug|Any CPU
		{B2BEA753-1551-4275-8FEB-FE1307763FE6}.Release|Any CPU.ActiveCfg = Release|Any CPU
		{B2BEA753-1551-4275-8FEB-FE1307763FE6}.Release|Any CPU.Build.0 = Release|Any CPU
		{B2BEA753-1551-4275-8FEB-FE1307763FE6}.Release|x64.ActiveCfg = Release|Any CPU
		{B2BEA753-1551-4275-8FEB-FE1307763FE6}.Release|x64.Build.0 = Release|Any CPU
		{B2BEA753-1551-4275-8FEB-FE1307763FE6}.Release|x86.ActiveCfg = Release|Any CPU
		{B2BEA753-1551-4275-8FEB-FE1307763FE6}.Release|x86.Build.0 = Release|Any CPU
		{DDF36A7A-6DD2-4A44-95D1-CB31AE87D608}.Debug|Any CPU.ActiveCfg = Debug|Any CPU
		{DDF36A7A-6DD2-4A44-95D1-CB31AE87D608}.Debug|Any CPU.Build.0 = Debug|Any CPU
		{DDF36A7A-6DD2-4A44-95D1-CB31AE87D608}.Debug|x64.ActiveCfg = Debug|Any CPU
		{DDF36A7A-6DD2-4A44-95D1-CB31AE87D608}.Debug|x64.Build.0 = Debug|Any CPU
		{DDF36A7A-6DD2-4A44-95D1-CB31AE87D608}.Debug|x86.ActiveCfg = Debug|Any CPU
		{DDF36A7A-6DD2-4A44-95D1-CB31AE87D608}.Debug|x86.Build.0 = Debug|Any CPU
		{DDF36A7A-6DD2-4A44-95D1-CB31AE87D608}.Release|Any CPU.ActiveCfg = Release|Any CPU
		{DDF36A7A-6DD2-4A44-95D1-CB31AE87D608}.Release|Any CPU.Build.0 = Release|Any CPU
		{DDF36A7A-6DD2-4A44-95D1-CB31AE87D608}.Release|x64.ActiveCfg = Release|Any CPU
		{DDF36A7A-6DD2-4A44-95D1-CB31AE87D608}.Release|x64.Build.0 = Release|Any CPU
		{DDF36A7A-6DD2-4A44-95D1-CB31AE87D608}.Release|x86.ActiveCfg = Release|Any CPU
		{DDF36A7A-6DD2-4A44-95D1-CB31AE87D608}.Release|x86.Build.0 = Release|Any CPU
		{6181E0BF-0BBE-432B-BF00-9FC1962603CB}.Debug|Any CPU.ActiveCfg = Debug|Any CPU
		{6181E0BF-0BBE-432B-BF00-9FC1962603CB}.Debug|Any CPU.Build.0 = Debug|Any CPU
		{6181E0BF-0BBE-432B-BF00-9FC1962603CB}.Debug|x64.ActiveCfg = Debug|Any CPU
		{6181E0BF-0BBE-432B-BF00-9FC1962603CB}.Debug|x64.Build.0 = Debug|Any CPU
		{6181E0BF-0BBE-432B-BF00-9FC1962603CB}.Debug|x86.ActiveCfg = Debug|Any CPU
		{6181E0BF-0BBE-432B-BF00-9FC1962603CB}.Debug|x86.Build.0 = Debug|Any CPU
		{6181E0BF-0BBE-432B-BF00-9FC1962603CB}.Release|Any CPU.ActiveCfg = Release|Any CPU
		{6181E0BF-0BBE-432B-BF00-9FC1962603CB}.Release|Any CPU.Build.0 = Release|Any CPU
		{6181E0BF-0BBE-432B-BF00-9FC1962603CB}.Release|x64.ActiveCfg = Release|Any CPU
		{6181E0BF-0BBE-432B-BF00-9FC1962603CB}.Release|x64.Build.0 = Release|Any CPU
		{6181E0BF-0BBE-432B-BF00-9FC1962603CB}.Release|x86.ActiveCfg = Release|Any CPU
		{6181E0BF-0BBE-432B-BF00-9FC1962603CB}.Release|x86.Build.0 = Release|Any CPU
		{6474F087-971F-46F4-BD6B-AA0F9628F376}.Debug|Any CPU.ActiveCfg = Debug|Any CPU
		{6474F087-971F-46F4-BD6B-AA0F9628F376}.Debug|Any CPU.Build.0 = Debug|Any CPU
		{6474F087-971F-46F4-BD6B-AA0F9628F376}.Debug|x64.ActiveCfg = Debug|Any CPU
		{6474F087-971F-46F4-BD6B-AA0F9628F376}.Debug|x64.Build.0 = Debug|Any CPU
		{6474F087-971F-46F4-BD6B-AA0F9628F376}.Debug|x86.ActiveCfg = Debug|Any CPU
		{6474F087-971F-46F4-BD6B-AA0F9628F376}.Debug|x86.Build.0 = Debug|Any CPU
		{6474F087-971F-46F4-BD6B-AA0F9628F376}.Release|Any CPU.ActiveCfg = Release|Any CPU
		{6474F087-971F-46F4-BD6B-AA0F9628F376}.Release|Any CPU.Build.0 = Release|Any CPU
		{6474F087-971F-46F4-BD6B-AA0F9628F376}.Release|x64.ActiveCfg = Release|Any CPU
		{6474F087-971F-46F4-BD6B-AA0F9628F376}.Release|x64.Build.0 = Release|Any CPU
		{6474F087-971F-46F4-BD6B-AA0F9628F376}.Release|x86.ActiveCfg = Release|Any CPU
		{6474F087-971F-46F4-BD6B-AA0F9628F376}.Release|x86.Build.0 = Release|Any CPU
		{D6B217A0-A51A-4CF8-9AB9-D1FC6EABE891}.Debug|Any CPU.ActiveCfg = Debug|Any CPU
		{D6B217A0-A51A-4CF8-9AB9-D1FC6EABE891}.Debug|Any CPU.Build.0 = Debug|Any CPU
		{D6B217A0-A51A-4CF8-9AB9-D1FC6EABE891}.Debug|x64.ActiveCfg = Debug|Any CPU
		{D6B217A0-A51A-4CF8-9AB9-D1FC6EABE891}.Debug|x64.Build.0 = Debug|Any CPU
		{D6B217A0-A51A-4CF8-9AB9-D1FC6EABE891}.Debug|x86.ActiveCfg = Debug|Any CPU
		{D6B217A0-A51A-4CF8-9AB9-D1FC6EABE891}.Debug|x86.Build.0 = Debug|Any CPU
		{D6B217A0-A51A-4CF8-9AB9-D1FC6EABE891}.Release|Any CPU.ActiveCfg = Release|Any CPU
		{D6B217A0-A51A-4CF8-9AB9-D1FC6EABE891}.Release|Any CPU.Build.0 = Release|Any CPU
		{D6B217A0-A51A-4CF8-9AB9-D1FC6EABE891}.Release|x64.ActiveCfg = Release|Any CPU
		{D6B217A0-A51A-4CF8-9AB9-D1FC6EABE891}.Release|x64.Build.0 = Release|Any CPU
		{D6B217A0-A51A-4CF8-9AB9-D1FC6EABE891}.Release|x86.ActiveCfg = Release|Any CPU
		{D6B217A0-A51A-4CF8-9AB9-D1FC6EABE891}.Release|x86.Build.0 = Release|Any CPU
		{CA163138-5FD2-40B0-85E1-FA48BD36727A}.Debug|Any CPU.ActiveCfg = Debug|Any CPU
		{CA163138-5FD2-40B0-85E1-FA48BD36727A}.Debug|Any CPU.Build.0 = Debug|Any CPU
		{CA163138-5FD2-40B0-85E1-FA48BD36727A}.Debug|x64.ActiveCfg = Debug|Any CPU
		{CA163138-5FD2-40B0-85E1-FA48BD36727A}.Debug|x64.Build.0 = Debug|Any CPU
		{CA163138-5FD2-40B0-85E1-FA48BD36727A}.Debug|x86.ActiveCfg = Debug|Any CPU
		{CA163138-5FD2-40B0-85E1-FA48BD36727A}.Debug|x86.Build.0 = Debug|Any CPU
		{CA163138-5FD2-40B0-85E1-FA48BD36727A}.Release|Any CPU.ActiveCfg = Release|Any CPU
		{CA163138-5FD2-40B0-85E1-FA48BD36727A}.Release|Any CPU.Build.0 = Release|Any CPU
		{CA163138-5FD2-40B0-85E1-FA48BD36727A}.Release|x64.ActiveCfg = Release|Any CPU
		{CA163138-5FD2-40B0-85E1-FA48BD36727A}.Release|x64.Build.0 = Release|Any CPU
		{CA163138-5FD2-40B0-85E1-FA48BD36727A}.Release|x86.ActiveCfg = Release|Any CPU
		{CA163138-5FD2-40B0-85E1-FA48BD36727A}.Release|x86.Build.0 = Release|Any CPU
		{B4F894AE-B00B-4BFA-B669-51D3803A8121}.Debug|Any CPU.ActiveCfg = Debug|Any CPU
		{B4F894AE-B00B-4BFA-B669-51D3803A8121}.Debug|Any CPU.Build.0 = Debug|Any CPU
		{B4F894AE-B00B-4BFA-B669-51D3803A8121}.Debug|x64.ActiveCfg = Debug|Any CPU
		{B4F894AE-B00B-4BFA-B669-51D3803A8121}.Debug|x64.Build.0 = Debug|Any CPU
		{B4F894AE-B00B-4BFA-B669-51D3803A8121}.Debug|x86.ActiveCfg = Debug|Any CPU
		{B4F894AE-B00B-4BFA-B669-51D3803A8121}.Debug|x86.Build.0 = Debug|Any CPU
		{B4F894AE-B00B-4BFA-B669-51D3803A8121}.Release|Any CPU.ActiveCfg = Release|Any CPU
		{B4F894AE-B00B-4BFA-B669-51D3803A8121}.Release|Any CPU.Build.0 = Release|Any CPU
		{B4F894AE-B00B-4BFA-B669-51D3803A8121}.Release|x64.ActiveCfg = Release|Any CPU
		{B4F894AE-B00B-4BFA-B669-51D3803A8121}.Release|x64.Build.0 = Release|Any CPU
		{B4F894AE-B00B-4BFA-B669-51D3803A8121}.Release|x86.ActiveCfg = Release|Any CPU
		{B4F894AE-B00B-4BFA-B669-51D3803A8121}.Release|x86.Build.0 = Release|Any CPU
		{B05B8A55-61D1-4B44-84E8-5C6F22CA697A}.Debug|Any CPU.ActiveCfg = Debug|Any CPU
		{B05B8A55-61D1-4B44-84E8-5C6F22CA697A}.Debug|Any CPU.Build.0 = Debug|Any CPU
		{B05B8A55-61D1-4B44-84E8-5C6F22CA697A}.Debug|x64.ActiveCfg = Debug|Any CPU
		{B05B8A55-61D1-4B44-84E8-5C6F22CA697A}.Debug|x64.Build.0 = Debug|Any CPU
		{B05B8A55-61D1-4B44-84E8-5C6F22CA697A}.Debug|x86.ActiveCfg = Debug|Any CPU
		{B05B8A55-61D1-4B44-84E8-5C6F22CA697A}.Debug|x86.Build.0 = Debug|Any CPU
		{B05B8A55-61D1-4B44-84E8-5C6F22CA697A}.Release|Any CPU.ActiveCfg = Release|Any CPU
		{B05B8A55-61D1-4B44-84E8-5C6F22CA697A}.Release|Any CPU.Build.0 = Release|Any CPU
		{B05B8A55-61D1-4B44-84E8-5C6F22CA697A}.Release|x64.ActiveCfg = Release|Any CPU
		{B05B8A55-61D1-4B44-84E8-5C6F22CA697A}.Release|x64.Build.0 = Release|Any CPU
		{B05B8A55-61D1-4B44-84E8-5C6F22CA697A}.Release|x86.ActiveCfg = Release|Any CPU
		{B05B8A55-61D1-4B44-84E8-5C6F22CA697A}.Release|x86.Build.0 = Release|Any CPU
	EndGlobalSection
	GlobalSection(SolutionProperties) = preSolution
		HideSolutionNode = FALSE
	EndGlobalSection
	GlobalSection(NestedProjects) = preSolution
		{8D626EA8-CB54-BC41-363A-217881BEBA6E} = {827E0CD3-B72D-47B6-A68D-7590B98EB39B}
		{B2BEA753-1551-4275-8FEB-FE1307763FE6} = {8D626EA8-CB54-BC41-363A-217881BEBA6E}
		{DDF36A7A-6DD2-4A44-95D1-CB31AE87D608} = {8D626EA8-CB54-BC41-363A-217881BEBA6E}
		{9048EB7F-3875-A59E-E36B-5BD4C6F2A282} = {827E0CD3-B72D-47B6-A68D-7590B98EB39B}
		{6181E0BF-0BBE-432B-BF00-9FC1962603CB} = {9048EB7F-3875-A59E-E36B-5BD4C6F2A282}
		{6474F087-971F-46F4-BD6B-AA0F9628F376} = {9048EB7F-3875-A59E-E36B-5BD4C6F2A282}
		{6996BBF7-DB31-59BC-C7DD-9A7CCC6138C4} = {827E0CD3-B72D-47B6-A68D-7590B98EB39B}
		{D6B217A0-A51A-4CF8-9AB9-D1FC6EABE891} = {6996BBF7-DB31-59BC-C7DD-9A7CCC6138C4}
		{CA163138-5FD2-40B0-85E1-FA48BD36727A} = {0AB3BF05-4346-4AA6-1389-037BE0695223}
		{B4F894AE-B00B-4BFA-B669-51D3803A8121} = {0AB3BF05-4346-4AA6-1389-037BE0695223}
		{B05B8A55-61D1-4B44-84E8-5C6F22CA697A} = {0AB3BF05-4346-4AA6-1389-037BE0695223}
	EndGlobalSection
EndGlobal
